
Microsoft Visual Studio Solution File, Format Version 12.00
# Visual Studio 15
VisualStudioVersion = 15.0.27004.2009
MinimumVisualStudioVersion = 10.0.40219.1
Project("{FAE04EC0-301F-11D3-BF4B-00C04F79EFBC}") = "Database Demonstratie Applicatie", "Database Demonstratie Applicatie\Database Demonstratie Applicatie.csproj", "{36B04C27-3F67-4B92-9B88-27304468C113}"
EndProject
Global
	GlobalSection(SolutionConfigurationPlatforms) = preSolution
		Debug|Any CPU = Debug|Any CPU
		Release|Any CPU = Release|Any CPU
	EndGlobalSection
	GlobalSection(ProjectConfigurationPlatforms) = postSolution
		{36B04C27-3F67-4B92-9B88-27304468C113}.Debug|Any CPU.ActiveCfg = Debug|Any CPU
		{36B04C27-3F67-4B92-9B88-27304468C113}.Debug|Any CPU.Build.0 = Debug|Any CPU
		{36B04C27-3F67-4B92-9B88-27304468C113}.Release|Any CPU.ActiveCfg = Release|Any CPU
		{36B04C27-3F67-4B92-9B88-27304468C113}.Release|Any CPU.Build.0 = Release|Any CPU
	EndGlobalSection
	GlobalSection(SolutionProperties) = preSolution
		HideSolutionNode = FALSE
	EndGlobalSection
	GlobalSection(ExtensibilityGlobals) = postSolution
		SolutionGuid = {E64BAB5D-B9E8-4226-B8BB-B6D26DFB3639}
	EndGlobalSection
EndGlobal
